// !$*UTF8*$!
{
	archiveVersion = 1;
	classes = {
	};
	objectVersion = 46;
	objects = {

/* Begin PBXBuildFile section */
		94793EA71D7C6CE200F3C897 /* AppDelegate.swift in Sources */ = {isa = PBXBuildFile; fileRef = 94793EA61D7C6CE200F3C897 /* AppDelegate.swift */; };
		94793EA91D7C6CE200F3C897 /* ViewController.swift in Sources */ = {isa = PBXBuildFile; fileRef = 94793EA81D7C6CE200F3C897 /* ViewController.swift */; };
		94793EAC1D7C6CE200F3C897 /* Main.storyboard in Resources */ = {isa = PBXBuildFile; fileRef = 94793EAA1D7C6CE200F3C897 /* Main.storyboard */; };
		94793EAE1D7C6CE200F3C897 /* Assets.xcassets in Resources */ = {isa = PBXBuildFile; fileRef = 94793EAD1D7C6CE200F3C897 /* Assets.xcassets */; };
		94793EB11D7C6CE200F3C897 /* LaunchScreen.storyboard in Resources */ = {isa = PBXBuildFile; fileRef = 94793EAF1D7C6CE200F3C897 /* LaunchScreen.storyboard */; };
		94793EB91D7C6DA700F3C897 /* DraggableMenuController.swift in Sources */ = {isa = PBXBuildFile; fileRef = 94793EB81D7C6DA700F3C897 /* DraggableMenuController.swift */; };
		94793EBB1D7C6FFF00F3C897 /* DraggableMenu.xib in Resources */ = {isa = PBXBuildFile; fileRef = 94793EBA1D7C6FFF00F3C897 /* DraggableMenu.xib */; };
		94793EC21D7D761D00F3C897 /* OptionButton.swift in Sources */ = {isa = PBXBuildFile; fileRef = 94793EBE1D7D761D00F3C897 /* OptionButton.swift */; };
		94793EC31D7D761E00F3C897 /* OptionsBar.swift in Sources */ = {isa = PBXBuildFile; fileRef = 94793EBF1D7D761D00F3C897 /* OptionsBar.swift */; };
		94793EC41D7D761E00F3C897 /* OptionTab.swift in Sources */ = {isa = PBXBuildFile; fileRef = 94793EC01D7D761D00F3C897 /* OptionTab.swift */; };
		94793EC71D7D7DCF00F3C897 /* ContentViewController.swift in Sources */ = {isa = PBXBuildFile; fileRef = 94793EC61D7D7DCF00F3C897 /* ContentViewController.swift */; };
		94793EC91D7DA81E00F3C897 /* DetailTableViewCell.swift in Sources */ = {isa = PBXBuildFile; fileRef = 94793EC81D7DA81E00F3C897 /* DetailTableViewCell.swift */; };
		AFEECA539605372DF4A46DAB /* Pods_DraggableView.framework in Frameworks */ = {isa = PBXBuildFile; fileRef = 798DA054FE38B4885A8C9564 /* Pods_DraggableView.framework */; };
/* End PBXBuildFile section */

/* Begin PBXFileReference section */
		6023AEE5933F0161152247BF /* Pods-DraggableView.release.xcconfig */ = {isa = PBXFileReference; includeInIndex = 1; lastKnownFileType = text.xcconfig; name = "Pods-DraggableView.release.xcconfig"; path = "Pods/Target Support Files/Pods-DraggableView/Pods-DraggableView.release.xcconfig"; sourceTree = "<group>"; };
		773C05BE79537F2883C32D06 /* Pods-DraggableView.debug.xcconfig */ = {isa = PBXFileReference; includeInIndex = 1; lastKnownFileType = text.xcconfig; name = "Pods-DraggableView.debug.xcconfig"; path = "Pods/Target Support Files/Pods-DraggableView/Pods-DraggableView.debug.xcconfig"; sourceTree = "<group>"; };
		798DA054FE38B4885A8C9564 /* Pods_DraggableView.framework */ = {isa = PBXFileReference; explicitFileType = wrapper.framework; includeInIndex = 0; path = Pods_DraggableView.framework; sourceTree = BUILT_PRODUCTS_DIR; };
		94793EA31D7C6CE200F3C897 /* DraggableView.app */ = {isa = PBXFileReference; explicitFileType = wrapper.application; includeInIndex = 0; path = DraggableView.app; sourceTree = BUILT_PRODUCTS_DIR; };
		94793EA61D7C6CE200F3C897 /* AppDelegate.swift */ = {isa = PBXFileReference; lastKnownFileType = sourcecode.swift; path = AppDelegate.swift; sourceTree = "<group>"; };
		94793EA81D7C6CE200F3C897 /* ViewController.swift */ = {isa = PBXFileReference; lastKnownFileType = sourcecode.swift; path = ViewController.swift; sourceTree = "<group>"; };
		94793EAB1D7C6CE200F3C897 /* Base */ = {isa = PBXFileReference; lastKnownFileType = file.storyboard; name = Base; path = Base.lproj/Main.storyboard; sourceTree = "<group>"; };
		94793EAD1D7C6CE200F3C897 /* Assets.xcassets */ = {isa = PBXFileReference; lastKnownFileType = folder.assetcatalog; path = Assets.xcassets; sourceTree = "<group>"; };
		94793EB01D7C6CE200F3C897 /* Base */ = {isa = PBXFileReference; lastKnownFileType = file.storyboard; name = Base; path = Base.lproj/LaunchScreen.storyboard; sourceTree = "<group>"; };
		94793EB21D7C6CE200F3C897 /* Info.plist */ = {isa = PBXFileReference; lastKnownFileType = text.plist.xml; path = Info.plist; sourceTree = "<group>"; };
		94793EB81D7C6DA700F3C897 /* DraggableMenuController.swift */ = {isa = PBXFileReference; fileEncoding = 4; lastKnownFileType = sourcecode.swift; path = DraggableMenuController.swift; sourceTree = "<group>"; };
		94793EBA1D7C6FFF00F3C897 /* DraggableMenu.xib */ = {isa = PBXFileReference; fileEncoding = 4; lastKnownFileType = file.xib; path = DraggableMenu.xib; sourceTree = "<group>"; };
		94793EBE1D7D761D00F3C897 /* OptionButton.swift */ = {isa = PBXFileReference; fileEncoding = 4; lastKnownFileType = sourcecode.swift; path = OptionButton.swift; sourceTree = "<group>"; };
		94793EBF1D7D761D00F3C897 /* OptionsBar.swift */ = {isa = PBXFileReference; fileEncoding = 4; lastKnownFileType = sourcecode.swift; path = OptionsBar.swift; sourceTree = "<group>"; };
		94793EC01D7D761D00F3C897 /* OptionTab.swift */ = {isa = PBXFileReference; fileEncoding = 4; lastKnownFileType = sourcecode.swift; path = OptionTab.swift; sourceTree = "<group>"; };
		94793EC61D7D7DCF00F3C897 /* ContentViewController.swift */ = {isa = PBXFileReference; fileEncoding = 4; lastKnownFileType = sourcecode.swift; path = ContentViewController.swift; sourceTree = "<group>"; };
		94793EC81D7DA81E00F3C897 /* DetailTableViewCell.swift */ = {isa = PBXFileReference; fileEncoding = 4; lastKnownFileType = sourcecode.swift; path = DetailTableViewCell.swift; sourceTree = "<group>"; };
/* End PBXFileReference section */

/* Begin PBXFrameworksBuildPhase section */
		94793EA01D7C6CE200F3C897 /* Frameworks */ = {
			isa = PBXFrameworksBuildPhase;
			buildActionMask = 2147483647;
			files = (
				AFEECA539605372DF4A46DAB /* Pods_DraggableView.framework in Frameworks */,
			);
			runOnlyForDeploymentPostprocessing = 0;
		};
/* End PBXFrameworksBuildPhase section */

/* Begin PBXGroup section */
		3A29F5DEBA6D05A96BC5E79F /* Frameworks */ = {
			isa = PBXGroup;
			children = (
				798DA054FE38B4885A8C9564 /* Pods_DraggableView.framework */,
			);
			name = Frameworks;
			sourceTree = "<group>";
		};
		94793E9A1D7C6CE200F3C897 = {
			isa = PBXGroup;
			children = (
				94793EA51D7C6CE200F3C897 /* DraggableView */,
				94793EA41D7C6CE200F3C897 /* Products */,
				BE5F06E230BA7ECA978BC8BE /* Pods */,
				3A29F5DEBA6D05A96BC5E79F /* Frameworks */,
			);
			sourceTree = "<group>";
		};
		94793EA41D7C6CE200F3C897 /* Products */ = {
			isa = PBXGroup;
			children = (
				94793EA31D7C6CE200F3C897 /* DraggableView.app */,
			);
			name = Products;
			sourceTree = "<group>";
		};
		94793EA51D7C6CE200F3C897 /* DraggableView */ = {
			isa = PBXGroup;
			children = (
				94793EBE1D7D761D00F3C897 /* OptionButton.swift */,
				94793EBF1D7D761D00F3C897 /* OptionsBar.swift */,
				94793EC01D7D761D00F3C897 /* OptionTab.swift */,
				94793EA61D7C6CE200F3C897 /* AppDelegate.swift */,
				94793EA81D7C6CE200F3C897 /* ViewController.swift */,
				94793EAA1D7C6CE200F3C897 /* Main.storyboard */,
				94793EAD1D7C6CE200F3C897 /* Assets.xcassets */,
				94793EAF1D7C6CE200F3C897 /* LaunchScreen.storyboard */,
				94793EB21D7C6CE200F3C897 /* Info.plist */,
				94793EB81D7C6DA700F3C897 /* DraggableMenuController.swift */,
				94793EBA1D7C6FFF00F3C897 /* DraggableMenu.xib */,
				94793EC61D7D7DCF00F3C897 /* ContentViewController.swift */,
				94793EC81D7DA81E00F3C897 /* DetailTableViewCell.swift */,
			);
			path = DraggableView;
			sourceTree = "<group>";
		};
		BE5F06E230BA7ECA978BC8BE /* Pods */ = {
			isa = PBXGroup;
			children = (
				773C05BE79537F2883C32D06 /* Pods-DraggableView.debug.xcconfig */,
				6023AEE5933F0161152247BF /* Pods-DraggableView.release.xcconfig */,
			);
			name = Pods;
			sourceTree = "<group>";
		};
/* End PBXGroup section */

/* Begin PBXNativeTarget section */
		94793EA21D7C6CE200F3C897 /* DraggableView */ = {
			isa = PBXNativeTarget;
			buildConfigurationList = 94793EB51D7C6CE200F3C897 /* Build configuration list for PBXNativeTarget "DraggableView" */;
			buildPhases = (
				44DF2A4E3FB8F366D49B531B /* 📦 Check Pods Manifest.lock */,
				94793E9F1D7C6CE200F3C897 /* Sources */,
				94793EA01D7C6CE200F3C897 /* Frameworks */,
				94793EA11D7C6CE200F3C897 /* Resources */,
				1F184D96619D44CC49D50B09 /* 📦 Embed Pods Frameworks */,
				9351188E116DCC70D7DC7D02 /* 📦 Copy Pods Resources */,
			);
			buildRules = (
			);
			dependencies = (
			);
			name = DraggableView;
			productName = DraggableView;
			productReference = 94793EA31D7C6CE200F3C897 /* DraggableView.app */;
			productType = "com.apple.product-type.application";
		};
/* End PBXNativeTarget section */

/* Begin PBXProject section */
		94793E9B1D7C6CE200F3C897 /* Project object */ = {
			isa = PBXProject;
			attributes = {
				LastSwiftUpdateCheck = 0730;
				LastUpgradeCheck = 0730;
				ORGANIZATIONNAME = Maxim;
				TargetAttributes = {
					94793EA21D7C6CE200F3C897 = {
						CreatedOnToolsVersion = 7.3.1;
					};
				};
			};
			buildConfigurationList = 94793E9E1D7C6CE200F3C897 /* Build configuration list for PBXProject "DraggableView" */;
			compatibilityVersion = "Xcode 3.2";
			developmentRegion = English;
			hasScannedForEncodings = 0;
			knownRegions = (
				en,
				Base,
			);
			mainGroup = 94793E9A1D7C6CE200F3C897;
			productRefGroup = 94793EA41D7C6CE200F3C897 /* Products */;
			projectDirPath = "";
			projectRoot = "";
			targets = (
				94793EA21D7C6CE200F3C897 /* DraggableView */,
			);
		};
/* End PBXProject section */

/* Begin PBXResourcesBuildPhase section */
		94793EA11D7C6CE200F3C897 /* Resources */ = {
			isa = PBXResourcesBuildPhase;
			buildActionMask = 2147483647;
			files = (
				94793EBB1D7C6FFF00F3C897 /* DraggableMenu.xib in Resources */,
				94793EB11D7C6CE200F3C897 /* LaunchScreen.storyboard in Resources */,
				94793EAE1D7C6CE200F3C897 /* Assets.xcassets in Resources */,
				94793EAC1D7C6CE200F3C897 /* Main.storyboard in Resources */,
			);
			runOnlyForDeploymentPostprocessing = 0;
		};
/* End PBXResourcesBuildPhase section */

/* Begin PBXShellScriptBuildPhase section */
		1F184D96619D44CC49D50B09 /* 📦 Embed Pods Frameworks */ = {
			isa = PBXShellScriptBuildPhase;
			buildActionMask = 2147483647;
			files = (
			);
			inputPaths = (
			);
			name = "📦 Embed Pods Frameworks";
			outputPaths = (
			);
			runOnlyForDeploymentPostprocessing = 0;
			shellPath = /bin/sh;
			shellScript = "\"${SRCROOT}/Pods/Target Support Files/Pods-DraggableView/Pods-DraggableView-frameworks.sh\"\n";
			showEnvVarsInLog = 0;
		};
		44DF2A4E3FB8F366D49B531B /* 📦 Check Pods Manifest.lock */ = {
			isa = PBXShellScriptBuildPhase;
			buildActionMask = 2147483647;
			files = (
			);
			inputPaths = (
			);
			name = "📦 Check Pods Manifest.lock";
			outputPaths = (
			);
			runOnlyForDeploymentPostprocessing = 0;
			shellPath = /bin/sh;
			shellScript = "diff \"${PODS_ROOT}/../Podfile.lock\" \"${PODS_ROOT}/Manifest.lock\" > /dev/null\nif [[ $? != 0 ]] ; then\n    cat << EOM\nerror: The sandbox is not in sync with the Podfile.lock. Run 'pod install' or update your CocoaPods installation.\nEOM\n    exit 1\nfi\n";
			showEnvVarsInLog = 0;
		};
		9351188E116DCC70D7DC7D02 /* 📦 Copy Pods Resources */ = {
			isa = PBXShellScriptBuildPhase;
			buildActionMask = 2147483647;
			files = (
			);
			inputPaths = (
			);
			name = "📦 Copy Pods Resources";
			outputPaths = (
			);
			runOnlyForDeploymentPostprocessing = 0;
			shellPath = /bin/sh;
			shellScript = "\"${SRCROOT}/Pods/Target Support Files/Pods-DraggableView/Pods-DraggableView-resources.sh\"\n";
			showEnvVarsInLog = 0;
		};
/* End PBXShellScriptBuildPhase section */

/* Begin PBXSourcesBuildPhase section */
		94793E9F1D7C6CE200F3C897 /* Sources */ = {
			isa = PBXSourcesBuildPhase;
			buildActionMask = 2147483647;
			files = (
				94793EC31D7D761E00F3C897 /* OptionsBar.swift in Sources */,
				94793EC41D7D761E00F3C897 /* OptionTab.swift in Sources */,
				94793EC91D7DA81E00F3C897 /* DetailTableViewCell.swift in Sources */,
				94793EC21D7D761D00F3C897 /* OptionButton.swift in Sources */,
				94793EB91D7C6DA700F3C897 /* DraggableMenuController.swift in Sources */,
				94793EA91D7C6CE200F3C897 /* ViewController.swift in Sources */,
				94793EA71D7C6CE200F3C897 /* AppDelegate.swift in Sources */,
				94793EC71D7D7DCF00F3C897 /* ContentViewController.swift in Sources */,
			);
			runOnlyForDeploymentPostprocessing = 0;
		};
/* End PBXSourcesBuildPhase section */

/* Begin PBXVariantGroup section */
		94793EAA1D7C6CE200F3C897 /* Main.storyboard */ = {
			isa = PBXVariantGroup;
			children = (
				94793EAB1D7C6CE200F3C897 /* Base */,
			);
			name = Main.storyboard;
			sourceTree = "<group>";
		};
		94793EAF1D7C6CE200F3C897 /* LaunchScreen.storyboard */ = {
			isa = PBXVariantGroup;
			children = (
				94793EB01D7C6CE200F3C897 /* Base */,
			);
			name = LaunchScreen.storyboard;
			sourceTree = "<group>";
		};
/* End PBXVariantGroup section */

/* Begin XCBuildConfiguration section */
		94793EB31D7C6CE200F3C897 /* Debug */ = {
			isa = XCBuildConfiguration;
			buildSettings = {
				ALWAYS_SEARCH_USER_PATHS = NO;
				CLANG_ANALYZER_NONNULL = YES;
				CLANG_CXX_LANGUAGE_STANDARD = "gnu++0x";
				CLANG_CXX_LIBRARY = "libc++";
				CLANG_ENABLE_MODULES = YES;
				CLANG_ENABLE_OBJC_ARC = YES;
				CLANG_WARN_BOOL_CONVERSION = YES;
				CLANG_WARN_CONSTANT_CONVERSION = YES;
				CLANG_WARN_DIRECT_OBJC_ISA_USAGE = YES_ERROR;
				CLANG_WARN_EMPTY_BODY = YES;
				CLANG_WARN_ENUM_CONVERSION = YES;
				CLANG_WARN_INT_CONVERSION = YES;
				CLANG_WARN_OBJC_ROOT_CLASS = YES_ERROR;
				CLANG_WARN_UNREACHABLE_CODE = YES;
				CLANG_WARN__DUPLICATE_METHOD_MATCH = YES;
				"CODE_SIGN_IDENTITY[sdk=iphoneos*]" = "iPhone Developer";
				COPY_PHASE_STRIP = NO;
				DEBUG_INFORMATION_FORMAT = dwarf;
				ENABLE_STRICT_OBJC_MSGSEND = YES;
				ENABLE_TESTABILITY = YES;
				GCC_C_LANGUAGE_STANDARD = gnu99;
				GCC_DYNAMIC_NO_PIC = NO;
				GCC_NO_COMMON_BLOCKS = YES;
				GCC_OPTIMIZATION_LEVEL = 0;
				GCC_PREPROCESSOR_DEFINITIONS = (
					"DEBUG=1",
					"$(inherited)",
				);
				GCC_WARN_64_TO_32_BIT_CONVERSION = YES;
				GCC_WARN_ABOUT_RETURN_TYPE = YES_ERROR;
				GCC_WARN_UNDECLARED_SELECTOR = YES;
				GCC_WARN_UNINITIALIZED_AUTOS = YES_AGGRESSIVE;
				GCC_WARN_UNUSED_FUNCTION = YES;
				GCC_WARN_UNUSED_VARIABLE = YES;
				IPHONEOS_DEPLOYMENT_TARGET = 9.3;
				MTL_ENABLE_DEBUG_INFO = YES;
				ONLY_ACTIVE_ARCH = YES;
				SDKROOT = iphoneos;
				SWIFT_OPTIMIZATION_LEVEL = "-Onone";
				TARGETED_DEVICE_FAMILY = "1,2";
			};
			name = Debug;
		};
		94793EB41D7C6CE200F3C897 /* Release */ = {
			isa = XCBuildConfiguration;
			buildSettings = {
				ALWAYS_SEARCH_USER_PATHS = NO;
				CLANG_ANALYZER_NONNULL = YES;
				CLANG_CXX_LANGUAGE_STANDARD = "gnu++0x";
				CLANG_CXX_LIBRARY = "libc++";
				CLANG_ENABLE_MODULES = YES;
				CLANG_ENABLE_OBJC_ARC = YES;
				CLANG_WARN_BOOL_CONVERSION = YES;
				CLANG_WARN_CONSTANT_CONVERSION = YES;
				CLANG_WARN_DIRECT_OBJC_ISA_USAGE = YES_ERROR;
				CLANG_WARN_EMPTY_BODY = YES;
				CLANG_WARN_ENUM_CONVERSION = YES;
				CLANG_WARN_INT_CONVERSION = YES;
				CLANG_WARN_OBJC_ROOT_CLASS = YES_ERROR;
				CLANG_WARN_UNREACHABLE_CODE = YES;
				CLANG_WARN__DUPLICATE_METHOD_MATCH = YES;
				"CODE_SIGN_IDENTITY[sdk=iphoneos*]" = "iPhone Developer";
				COPY_PHASE_STRIP = NO;
				DEBUG_INFORMATION_FORMAT = "dwarf-with-dsym";
				ENABLE_NS_ASSERTIONS = NO;
				ENABLE_STRICT_OBJC_MSGSEND = YES;
				GCC_C_LANGUAGE_STANDARD = gnu99;
				GCC_NO_COMMON_BLOCKS = YES;
				GCC_WARN_64_TO_32_BIT_CONVERSION = YES;
				GCC_WARN_ABOUT_RETURN_TYPE = YES_ERROR;
				GCC_WARN_UNDECLARED_SELECTOR = YES;
				GCC_WARN_UNINITIALIZED_AUTOS = YES_AGGRESSIVE;
				GCC_WARN_UNUSED_FUNCTION = YES;
				GCC_WARN_UNUSED_VARIABLE = YES;
				IPHONEOS_DEPLOYMENT_TARGET = 9.3;
				MTL_ENABLE_DEBUG_INFO = NO;
				SDKROOT = iphoneos;
				TARGETED_DEVICE_FAMILY = "1,2";
				VALIDATE_PRODUCT = YES;
			};
			name = Release;
		};
		94793EB61D7C6CE200F3C897 /* Debug */ = {
			isa = XCBuildConfiguration;
			baseConfigurationReference = 773C05BE79537F2883C32D06 /* Pods-DraggableView.debug.xcconfig */;
			buildSettings = {
				ASSETCATALOG_COMPILER_APPICON_NAME = AppIcon;
				INFOPLIST_FILE = DraggableView/Info.plist;
				LD_RUNPATH_SEARCH_PATHS = "$(inherited) @executable_path/Frameworks";
				PRODUCT_BUNDLE_IDENTIFIER = Maxim.DraggableView;
				PRODUCT_NAME = "$(TARGET_NAME)";
			};
			name = Debug;
		};
		94793EB71D7C6CE200F3C897 /* Release */ = {
			isa = XCBuildConfiguration;
			baseConfigurationReference = 6023AEE5933F0161152247BF /* Pods-DraggableView.release.xcconfig */;
			buildSettings = {
				ASSETCATALOG_COMPILER_APPICON_NAME = AppIcon;
				INFOPLIST_FILE = DraggableView/Info.plist;
				LD_RUNPATH_SEARCH_PATHS = "$(inherited) @executable_path/Frameworks";
				PRODUCT_BUNDLE_IDENTIFIER = Maxim.DraggableView;
				PRODUCT_NAME = "$(TARGET_NAME)";
			};
			name = Release;
		};
/* End XCBuildConfiguration section */

/* Begin XCConfigurationList section */
		94793E9E1D7C6CE200F3C897 /* Build configuration list for PBXProject "DraggableView" */ = {
			isa = XCConfigurationList;
			buildConfigurations = (
				94793EB31D7C6CE200F3C897 /* Debug */,
				94793EB41D7C6CE200F3C897 /* Release */,
			);
			defaultConfigurationIsVisible = 0;
			defaultConfigurationName = Release;
		};
		94793EB51D7C6CE200F3C897 /* Build configuration list for PBXNativeTarget "DraggableView" */ = {
			isa = XCConfigurationList;
			buildConfigurations = (
				94793EB61D7C6CE200F3C897 /* Debug */,
				94793EB71D7C6CE200F3C897 /* Release */,
			);
			defaultConfigurationIsVisible = 0;
			defaultConfigurationName = Release;
		};
/* End XCConfigurationList section */
	};
	rootObject = 94793E9B1D7C6CE200F3C897 /* Project object */;
}
