// !$*UTF8*$!
{
	archiveVersion = 1;
	classes = {
	};
	objectVersion = 46;
	objects = {

/* Begin PBXBuildFile section */
		0AE205F793ACA37688F5369A /* Pods_MapViewAddressList.framework in Frameworks */ = {isa = PBXBuildFile; fileRef = 1F9817BDCC6F528D90BCEE6C /* Pods_MapViewAddressList.framework */; settings = {ATTRIBUTES = (Required, ); }; };
		941B145D1D79A9190013E1EC /* AddressView.swift in Sources */ = {isa = PBXBuildFile; fileRef = 941B145C1D79A9190013E1EC /* AddressView.swift */; };
		94268F1E1D6CB1840016ABC5 /* AppDelegate.swift in Sources */ = {isa = PBXBuildFile; fileRef = 94268F1D1D6CB1840016ABC5 /* AppDelegate.swift */; };
		94268F231D6CB1840016ABC5 /* Main.storyboard in Resources */ = {isa = PBXBuildFile; fileRef = 94268F211D6CB1840016ABC5 /* Main.storyboard */; };
		94268F251D6CB1840016ABC5 /* Assets.xcassets in Resources */ = {isa = PBXBuildFile; fileRef = 94268F241D6CB1840016ABC5 /* Assets.xcassets */; };
		94268F281D6CB1840016ABC5 /* LaunchScreen.storyboard in Resources */ = {isa = PBXBuildFile; fileRef = 94268F261D6CB1840016ABC5 /* LaunchScreen.storyboard */; };
		94268F341D6D93EE0016ABC5 /* AddressCollectionViewLayout.swift in Sources */ = {isa = PBXBuildFile; fileRef = 94268F331D6D93EE0016ABC5 /* AddressCollectionViewLayout.swift */; };
		94268F371D6D94DD0016ABC5 /* FullCollectionViewCell.swift in Sources */ = {isa = PBXBuildFile; fileRef = 94268F351D6D94DD0016ABC5 /* FullCollectionViewCell.swift */; };
		94EDC9A71D7042FF005183E0 /* GoogleMapViewController.swift in Sources */ = {isa = PBXBuildFile; fileRef = 94EDC9A61D7042FF005183E0 /* GoogleMapViewController.swift */; };
/* End PBXBuildFile section */

/* Begin PBXFileReference section */
		1F9817BDCC6F528D90BCEE6C /* Pods_MapViewAddressList.framework */ = {isa = PBXFileReference; explicitFileType = wrapper.framework; includeInIndex = 0; path = Pods_MapViewAddressList.framework; sourceTree = BUILT_PRODUCTS_DIR; };
		472856F17EF91851C2121208 /* Pods-MapViewAddressList.release.xcconfig */ = {isa = PBXFileReference; includeInIndex = 1; lastKnownFileType = text.xcconfig; name = "Pods-MapViewAddressList.release.xcconfig"; path = "Pods/Target Support Files/Pods-MapViewAddressList/Pods-MapViewAddressList.release.xcconfig"; sourceTree = "<group>"; };
		6DBC7282C32CB2BB2C58D3A9 /* Pods-MapViewAddressList.debug.xcconfig */ = {isa = PBXFileReference; includeInIndex = 1; lastKnownFileType = text.xcconfig; name = "Pods-MapViewAddressList.debug.xcconfig"; path = "Pods/Target Support Files/Pods-MapViewAddressList/Pods-MapViewAddressList.debug.xcconfig"; sourceTree = "<group>"; };
		941B145C1D79A9190013E1EC /* AddressView.swift */ = {isa = PBXFileReference; fileEncoding = 4; lastKnownFileType = sourcecode.swift; path = AddressView.swift; sourceTree = "<group>"; };
		94268F1A1D6CB1840016ABC5 /* MapViewAddressList.app */ = {isa = PBXFileReference; explicitFileType = wrapper.application; includeInIndex = 0; path = MapViewAddressList.app; sourceTree = BUILT_PRODUCTS_DIR; };
		94268F1D1D6CB1840016ABC5 /* AppDelegate.swift */ = {isa = PBXFileReference; lastKnownFileType = sourcecode.swift; path = AppDelegate.swift; sourceTree = "<group>"; };
		94268F221D6CB1840016ABC5 /* Base */ = {isa = PBXFileReference; lastKnownFileType = file.storyboard; name = Base; path = Base.lproj/Main.storyboard; sourceTree = "<group>"; };
		94268F241D6CB1840016ABC5 /* Assets.xcassets */ = {isa = PBXFileReference; lastKnownFileType = folder.assetcatalog; path = Assets.xcassets; sourceTree = "<group>"; };
		94268F271D6CB1840016ABC5 /* Base */ = {isa = PBXFileReference; lastKnownFileType = file.storyboard; name = Base; path = Base.lproj/LaunchScreen.storyboard; sourceTree = "<group>"; };
		94268F291D6CB1840016ABC5 /* Info.plist */ = {isa = PBXFileReference; lastKnownFileType = text.plist.xml; path = Info.plist; sourceTree = "<group>"; };
		94268F331D6D93EE0016ABC5 /* AddressCollectionViewLayout.swift */ = {isa = PBXFileReference; fileEncoding = 4; lastKnownFileType = sourcecode.swift; path = AddressCollectionViewLayout.swift; sourceTree = "<group>"; };
		94268F351D6D94DD0016ABC5 /* FullCollectionViewCell.swift */ = {isa = PBXFileReference; fileEncoding = 4; lastKnownFileType = sourcecode.swift; path = FullCollectionViewCell.swift; sourceTree = "<group>"; };
		94EDC9A61D7042FF005183E0 /* GoogleMapViewController.swift */ = {isa = PBXFileReference; fileEncoding = 4; lastKnownFileType = sourcecode.swift; path = GoogleMapViewController.swift; sourceTree = "<group>"; };
/* End PBXFileReference section */

/* Begin PBXFrameworksBuildPhase section */
		94268F171D6CB1840016ABC5 /* Frameworks */ = {
			isa = PBXFrameworksBuildPhase;
			buildActionMask = 2147483647;
			files = (
				0AE205F793ACA37688F5369A /* Pods_MapViewAddressList.framework in Frameworks */,
			);
			runOnlyForDeploymentPostprocessing = 0;
		};
/* End PBXFrameworksBuildPhase section */

/* Begin PBXGroup section */
		26AC376305F5CA9031F1DDEA /* Frameworks */ = {
			isa = PBXGroup;
			children = (
				1F9817BDCC6F528D90BCEE6C /* Pods_MapViewAddressList.framework */,
			);
			name = Frameworks;
			sourceTree = "<group>";
		};
		491AD1AE44A360F865DBB595 /* Pods */ = {
			isa = PBXGroup;
			children = (
				6DBC7282C32CB2BB2C58D3A9 /* Pods-MapViewAddressList.debug.xcconfig */,
				472856F17EF91851C2121208 /* Pods-MapViewAddressList.release.xcconfig */,
			);
			name = Pods;
			sourceTree = "<group>";
		};
		94268F111D6CB1840016ABC5 = {
			isa = PBXGroup;
			children = (
				94268F1C1D6CB1840016ABC5 /* MapViewAddressList */,
				94268F1B1D6CB1840016ABC5 /* Products */,
				491AD1AE44A360F865DBB595 /* Pods */,
				26AC376305F5CA9031F1DDEA /* Frameworks */,
			);
			sourceTree = "<group>";
		};
		94268F1B1D6CB1840016ABC5 /* Products */ = {
			isa = PBXGroup;
			children = (
				94268F1A1D6CB1840016ABC5 /* MapViewAddressList.app */,
			);
			name = Products;
			sourceTree = "<group>";
		};
		94268F1C1D6CB1840016ABC5 /* MapViewAddressList */ = {
			isa = PBXGroup;
			children = (
				94268F1D1D6CB1840016ABC5 /* AppDelegate.swift */,
				94268F3D1D6D951F0016ABC5 /* AddressCollectionView */,
				94268F211D6CB1840016ABC5 /* Main.storyboard */,
				94268F241D6CB1840016ABC5 /* Assets.xcassets */,
				94268F261D6CB1840016ABC5 /* LaunchScreen.storyboard */,
				94268F291D6CB1840016ABC5 /* Info.plist */,
				94EDC9A61D7042FF005183E0 /* GoogleMapViewController.swift */,
				941B145C1D79A9190013E1EC /* AddressView.swift */,
			);
			path = MapViewAddressList;
			sourceTree = "<group>";
		};
		94268F3D1D6D951F0016ABC5 /* AddressCollectionView */ = {
			isa = PBXGroup;
			children = (
				94268F331D6D93EE0016ABC5 /* AddressCollectionViewLayout.swift */,
				94268F351D6D94DD0016ABC5 /* FullCollectionViewCell.swift */,
			);
			name = AddressCollectionView;
			sourceTree = "<group>";
		};
/* End PBXGroup section */

/* Begin PBXNativeTarget section */
		94268F191D6CB1840016ABC5 /* MapViewAddressList */ = {
			isa = PBXNativeTarget;
			buildConfigurationList = 94268F2C1D6CB1840016ABC5 /* Build configuration list for PBXNativeTarget "MapViewAddressList" */;
			buildPhases = (
				7C3E542E66519488A7BAF492 /* 📦 Check Pods Manifest.lock */,
				94268F161D6CB1840016ABC5 /* Sources */,
				94268F171D6CB1840016ABC5 /* Frameworks */,
				94268F181D6CB1840016ABC5 /* Resources */,
				344C4C8786F8D5D0A78C3666 /* 📦 Embed Pods Frameworks */,
				09E565A26C6D05CEF9B36727 /* 📦 Copy Pods Resources */,
			);
			buildRules = (
			);
			dependencies = (
			);
			name = MapViewAddressList;
			productName = MapViewAddressList;
			productReference = 94268F1A1D6CB1840016ABC5 /* MapViewAddressList.app */;
			productType = "com.apple.product-type.application";
		};
/* End PBXNativeTarget section */

/* Begin PBXProject section */
		94268F121D6CB1840016ABC5 /* Project object */ = {
			isa = PBXProject;
			attributes = {
				LastSwiftUpdateCheck = 0730;
				LastUpgradeCheck = 0800;
				ORGANIZATIONNAME = Maxim;
				TargetAttributes = {
					94268F191D6CB1840016ABC5 = {
						CreatedOnToolsVersion = 7.3.1;
						DevelopmentTeam = V89XV7JPM2;
						LastSwiftMigration = 0800;
					};
				};
			};
			buildConfigurationList = 94268F151D6CB1840016ABC5 /* Build configuration list for PBXProject "MapViewAddressList" */;
			compatibilityVersion = "Xcode 3.2";
			developmentRegion = English;
			hasScannedForEncodings = 0;
			knownRegions = (
				en,
				Base,
			);
			mainGroup = 94268F111D6CB1840016ABC5;
			productRefGroup = 94268F1B1D6CB1840016ABC5 /* Products */;
			projectDirPath = "";
			projectRoot = "";
			targets = (
				94268F191D6CB1840016ABC5 /* MapViewAddressList */,
			);
		};
/* End PBXProject section */

/* Begin PBXResourcesBuildPhase section */
		94268F181D6CB1840016ABC5 /* Resources */ = {
			isa = PBXResourcesBuildPhase;
			buildActionMask = 2147483647;
			files = (
				94268F281D6CB1840016ABC5 /* LaunchScreen.storyboard in Resources */,
				94268F251D6CB1840016ABC5 /* Assets.xcassets in Resources */,
				94268F231D6CB1840016ABC5 /* Main.storyboard in Resources */,
			);
			runOnlyForDeploymentPostprocessing = 0;
		};
/* End PBXResourcesBuildPhase section */

/* Begin PBXShellScriptBuildPhase section */
		09E565A26C6D05CEF9B36727 /* 📦 Copy Pods Resources */ = {
			isa = PBXShellScriptBuildPhase;
			buildActionMask = 2147483647;
			files = (
			);
			inputPaths = (
			);
			name = "📦 Copy Pods Resources";
			outputPaths = (
			);
			runOnlyForDeploymentPostprocessing = 0;
			shellPath = /bin/sh;
			shellScript = "\"${SRCROOT}/Pods/Target Support Files/Pods-MapViewAddressList/Pods-MapViewAddressList-resources.sh\"\n";
			showEnvVarsInLog = 0;
		};
		344C4C8786F8D5D0A78C3666 /* 📦 Embed Pods Frameworks */ = {
			isa = PBXShellScriptBuildPhase;
			buildActionMask = 2147483647;
			files = (
			);
			inputPaths = (
			);
			name = "📦 Embed Pods Frameworks";
			outputPaths = (
			);
			runOnlyForDeploymentPostprocessing = 0;
			shellPath = /bin/sh;
			shellScript = "\"${SRCROOT}/Pods/Target Support Files/Pods-MapViewAddressList/Pods-MapViewAddressList-frameworks.sh\"\n";
			showEnvVarsInLog = 0;
		};
		7C3E542E66519488A7BAF492 /* 📦 Check Pods Manifest.lock */ = {
			isa = PBXShellScriptBuildPhase;
			buildActionMask = 2147483647;
			files = (
			);
			inputPaths = (
			);
			name = "📦 Check Pods Manifest.lock";
			outputPaths = (
			);
			runOnlyForDeploymentPostprocessing = 0;
			shellPath = /bin/sh;
			shellScript = "diff \"${PODS_ROOT}/../Podfile.lock\" \"${PODS_ROOT}/Manifest.lock\" > /dev/null\nif [[ $? != 0 ]] ; then\n    cat << EOM\nerror: The sandbox is not in sync with the Podfile.lock. Run 'pod install' or update your CocoaPods installation.\nEOM\n    exit 1\nfi\n";
			showEnvVarsInLog = 0;
		};
/* End PBXShellScriptBuildPhase section */

/* Begin PBXSourcesBuildPhase section */
		94268F161D6CB1840016ABC5 /* Sources */ = {
			isa = PBXSourcesBuildPhase;
			buildActionMask = 2147483647;
			files = (
				941B145D1D79A9190013E1EC /* AddressView.swift in Sources */,
				94268F371D6D94DD0016ABC5 /* FullCollectionViewCell.swift in Sources */,
				94268F341D6D93EE0016ABC5 /* AddressCollectionViewLayout.swift in Sources */,
				94268F1E1D6CB1840016ABC5 /* AppDelegate.swift in Sources */,
				94EDC9A71D7042FF005183E0 /* GoogleMapViewController.swift in Sources */,
			);
			runOnlyForDeploymentPostprocessing = 0;
		};
/* End PBXSourcesBuildPhase section */

/* Begin PBXVariantGroup section */
		94268F211D6CB1840016ABC5 /* Main.storyboard */ = {
			isa = PBXVariantGroup;
			children = (
				94268F221D6CB1840016ABC5 /* Base */,
			);
			name = Main.storyboard;
			sourceTree = "<group>";
		};
		94268F261D6CB1840016ABC5 /* LaunchScreen.storyboard */ = {
			isa = PBXVariantGroup;
			children = (
				94268F271D6CB1840016ABC5 /* Base */,
			);
			name = LaunchScreen.storyboard;
			sourceTree = "<group>";
		};
/* End PBXVariantGroup section */

/* Begin XCBuildConfiguration section */
		94268F2A1D6CB1840016ABC5 /* Debug */ = {
			isa = XCBuildConfiguration;
			buildSettings = {
				ALWAYS_SEARCH_USER_PATHS = NO;
				CLANG_ANALYZER_NONNULL = YES;
				CLANG_CXX_LANGUAGE_STANDARD = "gnu++0x";
				CLANG_CXX_LIBRARY = "libc++";
				CLANG_ENABLE_MODULES = YES;
				CLANG_ENABLE_OBJC_ARC = YES;
				CLANG_WARN_BOOL_CONVERSION = YES;
				CLANG_WARN_CONSTANT_CONVERSION = YES;
				CLANG_WARN_DIRECT_OBJC_ISA_USAGE = YES_ERROR;
				CLANG_WARN_EMPTY_BODY = YES;
				CLANG_WARN_ENUM_CONVERSION = YES;
				CLANG_WARN_INFINITE_RECURSION = YES;
				CLANG_WARN_INT_CONVERSION = YES;
				CLANG_WARN_OBJC_ROOT_CLASS = YES_ERROR;
				CLANG_WARN_SUSPICIOUS_MOVE = YES;
				CLANG_WARN_UNREACHABLE_CODE = YES;
				CLANG_WARN__DUPLICATE_METHOD_MATCH = YES;
				"CODE_SIGN_IDENTITY[sdk=iphoneos*]" = "iPhone Developer";
				COPY_PHASE_STRIP = NO;
				DEBUG_INFORMATION_FORMAT = dwarf;
				ENABLE_STRICT_OBJC_MSGSEND = YES;
				ENABLE_TESTABILITY = YES;
				GCC_C_LANGUAGE_STANDARD = gnu99;
				GCC_DYNAMIC_NO_PIC = NO;
				GCC_NO_COMMON_BLOCKS = YES;
				GCC_OPTIMIZATION_LEVEL = 0;
				GCC_PREPROCESSOR_DEFINITIONS = (
					"DEBUG=1",
					"$(inherited)",
				);
				GCC_WARN_64_TO_32_BIT_CONVERSION = YES;
				GCC_WARN_ABOUT_RETURN_TYPE = YES_ERROR;
				GCC_WARN_UNDECLARED_SELECTOR = YES;
				GCC_WARN_UNINITIALIZED_AUTOS = YES_AGGRESSIVE;
				GCC_WARN_UNUSED_FUNCTION = YES;
				GCC_WARN_UNUSED_VARIABLE = YES;
				IPHONEOS_DEPLOYMENT_TARGET = 9.3;
				MTL_ENABLE_DEBUG_INFO = YES;
				ONLY_ACTIVE_ARCH = YES;
				SDKROOT = iphoneos;
				SWIFT_OPTIMIZATION_LEVEL = "-Onone";
				TARGETED_DEVICE_FAMILY = "1,2";
			};
			name = Debug;
		};
		94268F2B1D6CB1840016ABC5 /* Release */ = {
			isa = XCBuildConfiguration;
			buildSettings = {
				ALWAYS_SEARCH_USER_PATHS = NO;
				CLANG_ANALYZER_NONNULL = YES;
				CLANG_CXX_LANGUAGE_STANDARD = "gnu++0x";
				CLANG_CXX_LIBRARY = "libc++";
				CLANG_ENABLE_MODULES = YES;
				CLANG_ENABLE_OBJC_ARC = YES;
				CLANG_WARN_BOOL_CONVERSION = YES;
				CLANG_WARN_CONSTANT_CONVERSION = YES;
				CLANG_WARN_DIRECT_OBJC_ISA_USAGE = YES_ERROR;
				CLANG_WARN_EMPTY_BODY = YES;
				CLANG_WARN_ENUM_CONVERSION = YES;
				CLANG_WARN_INFINITE_RECURSION = YES;
				CLANG_WARN_INT_CONVERSION = YES;
				CLANG_WARN_OBJC_ROOT_CLASS = YES_ERROR;
				CLANG_WARN_SUSPICIOUS_MOVE = YES;
				CLANG_WARN_UNREACHABLE_CODE = YES;
				CLANG_WARN__DUPLICATE_METHOD_MATCH = YES;
				"CODE_SIGN_IDENTITY[sdk=iphoneos*]" = "iPhone Developer";
				COPY_PHASE_STRIP = NO;
				DEBUG_INFORMATION_FORMAT = "dwarf-with-dsym";
				ENABLE_NS_ASSERTIONS = NO;
				ENABLE_STRICT_OBJC_MSGSEND = YES;
				GCC_C_LANGUAGE_STANDARD = gnu99;
				GCC_NO_COMMON_BLOCKS = YES;
				GCC_WARN_64_TO_32_BIT_CONVERSION = YES;
				GCC_WARN_ABOUT_RETURN_TYPE = YES_ERROR;
				GCC_WARN_UNDECLARED_SELECTOR = YES;
				GCC_WARN_UNINITIALIZED_AUTOS = YES_AGGRESSIVE;
				GCC_WARN_UNUSED_FUNCTION = YES;
				GCC_WARN_UNUSED_VARIABLE = YES;
				IPHONEOS_DEPLOYMENT_TARGET = 9.3;
				MTL_ENABLE_DEBUG_INFO = NO;
				SDKROOT = iphoneos;
				SWIFT_OPTIMIZATION_LEVEL = "-Owholemodule";
				TARGETED_DEVICE_FAMILY = "1,2";
				VALIDATE_PRODUCT = YES;
			};
			name = Release;
		};
		94268F2D1D6CB1840016ABC5 /* Debug */ = {
			isa = XCBuildConfiguration;
			baseConfigurationReference = 6DBC7282C32CB2BB2C58D3A9 /* Pods-MapViewAddressList.debug.xcconfig */;
			buildSettings = {
				ALWAYS_EMBED_SWIFT_STANDARD_LIBRARIES = YES;
				ASSETCATALOG_COMPILER_APPICON_NAME = AppIcon;
				CODE_SIGN_IDENTITY = "iPhone Developer";
				INFOPLIST_FILE = MapViewAddressList/Info.plist;
				LD_RUNPATH_SEARCH_PATHS = "$(inherited) @executable_path/Frameworks";
				PRODUCT_BUNDLE_IDENTIFIER = Maxim.MapViewAddressList;
				PRODUCT_NAME = "$(TARGET_NAME)";
				SWIFT_VERSION = 2.3;
			};
			name = Debug;
		};
		94268F2E1D6CB1840016ABC5 /* Release */ = {
			isa = XCBuildConfiguration;
			baseConfigurationReference = 472856F17EF91851C2121208 /* Pods-MapViewAddressList.release.xcconfig */;
			buildSettings = {
				ALWAYS_EMBED_SWIFT_STANDARD_LIBRARIES = YES;
				ASSETCATALOG_COMPILER_APPICON_NAME = AppIcon;
				CODE_SIGN_IDENTITY = "iPhone Developer";
				INFOPLIST_FILE = MapViewAddressList/Info.plist;
				LD_RUNPATH_SEARCH_PATHS = "$(inherited) @executable_path/Frameworks";
				PRODUCT_BUNDLE_IDENTIFIER = Maxim.MapViewAddressList;
				PRODUCT_NAME = "$(TARGET_NAME)";
				SWIFT_VERSION = 2.3;
			};
			name = Release;
		};
/* End XCBuildConfiguration section */

/* Begin XCConfigurationList section */
		94268F151D6CB1840016ABC5 /* Build configuration list for PBXProject "MapViewAddressList" */ = {
			isa = XCConfigurationList;
			buildConfigurations = (
				94268F2A1D6CB1840016ABC5 /* Debug */,
				94268F2B1D6CB1840016ABC5 /* Release */,
			);
			defaultConfigurationIsVisible = 0;
			defaultConfigurationName = Release;
		};
		94268F2C1D6CB1840016ABC5 /* Build configuration list for PBXNativeTarget "MapViewAddressList" */ = {
			isa = XCConfigurationList;
			buildConfigurations = (
				94268F2D1D6CB1840016ABC5 /* Debug */,
				94268F2E1D6CB1840016ABC5 /* Release */,
			);
			defaultConfigurationIsVisible = 0;
			defaultConfigurationName = Release;
		};
/* End XCConfigurationList section */
	};
	rootObject = 94268F121D6CB1840016ABC5 /* Project object */;
}
